{
  "object": {
    "pins": [
      {
        "package": "Alamofire",
        "repositoryURL": "https://github.com/Alamofire/Alamofire.git",
        "state": {
          "branch": null,
          "revision": "d120af1e8638c7da36c8481fd61a66c0c08dc4fc",
          "version": "5.4.4"
        }
      },
      {
        "package": "HUD",
        "repositoryURL": "https://github.com/horizontalsystems/HUD.git",
        "state": {
          "branch": null,
          "revision": "b712169e698b0bfe030ba478f23baae4e96aa010",
          "version": "1.2.0"
        }
      },
      {
        "package": "Kingfisher",
        "repositoryURL": "https://github.com/onevcat/Kingfisher.git",
        "state": {
          "branch": null,
          "revision": "318e319998bf555c3e914d5c3adb6da05af86a32",
          "version": "7.1.1"
        }
      },
      {
        "package": "LanguageKit",
        "repositoryURL": "https://github.com/horizontalsystems/LanguageKit.git",
        "state": {
          "branch": null,
          "revision": "993da6d0b82101de3c2a0e80fcb87cb66eb91003",
          "version": "1.0.0"
        }
      },
      {
        "package": "RxSwift",
        "repositoryURL": "https://github.com/ReactiveX/RxSwift.git",
        "state": {
          "branch": null,
          "revision": "cec68169a048a079f461ba203fe85636548d7a89",
          "version": "5.1.3"
        }
      },
      {
        "package": "SectionsTableView",
        "repositoryURL": "https://github.com/horizontalsystems/SectionsTableView.git",
        "state": {
          "branch": null,
          "revision": "8d72e33a0346ab37584aac2927d457245203ce34",
          "version": "1.1.1"
        }
      },
      {
        "package": "SkeletonView",
        "repositoryURL": "https://github.com/Juanpe/SkeletonView.git",
        "state": {
          "branch": null,
          "revision": "a9c22f502a4d938bd3fb6f17fe4d6633c423085a",
          "version": "1.26.0"
        }
      },
      {
        "package": "SnapKit",
        "repositoryURL": "https://github.com/SnapKit/SnapKit.git",
        "state": {
          "branch": null,
          "revision": "d458564516e5676af9c70b4f4b2a9178294f1bc6",
          "version": "5.0.1"
        }
      },
      {
        "package": "ThemeKit",
        "repositoryURL": "https://github.com/horizontalsystems/ThemeKit.git",
        "state": {
          "branch": null,
          "revision": "e5626ebea62be980e575ba9b8f6fc9fb9be62d2f",
          "version": "1.0.0"
        }
      },
      {
        "package": "UIExtensions",
        "repositoryURL": "https://github.com/horizontalsystems/UIExtensions.git",
        "state": {
          "branch": null,
          "revision": "58e8c832bd439fca32716b80b489ec7cea07740b",
          "version": "1.1.2"
        }
      }
    ]
  },
  "version": 1
}
